
Microsoft Visual Studio Solution File, Format Version 12.00
# Visual Studio Version 17
VisualStudioVersion = 17.3.32721.290
MinimumVisualStudioVersion = 10.0.40219.1
Project("{2150E333-8FDC-42A3-9474-1A3956D46DE8}") = "Libraries", "Libraries", "{D027584C-80F8-4DDF-824E-DE9E25E806CA}"
EndProject
Project("{8BC9CEB8-8B4A-11D0-8D11-00A0C91BC942}") = "Toolkit", "Libraries\Toolkit\Toolkit.vcxproj", "{015A0047-772D-4F1A-88C9-45C18F0ADFB6}"
EndProject
Project("{9A19103F-16F7-4668-BE54-9A1E7A4F7556}") = "Toolkit.Managed", "Libraries\Toolkit.Managed\Toolkit.Managed.csproj", "{A79D0D1F-CA42-44C1-A7A9-DC72A034A093}"
EndProject
Project("{2150E333-8FDC-42A3-9474-1A3956D46DE8}") = "WPF", "WPF", "{FDD21937-A572-46AC-AAF6-1B96F30BBD1E}"
EndProject
Project("{9A19103F-16F7-4668-BE54-9A1E7A4F7556}") = "WinUI3Islands.WPF", "WPF\WinUI3Islands.WPF\WinUI3Islands.WPF.csproj", "{CC7817A1-F4FD-4521-92FD-67BAEC069B97}"
EndProject
Project("{C7167F0D-BC9F-4E6E-AFE1-012C56B48DB5}") = "WinUI3Islands.WPF.Package", "WPF\WinUI3Islands.WPF.Package\WinUI3Islands.WPF.Package.wapproj", "{20962F5F-3E26-459D-965B-4A1110F62353}"
EndProject
Project("{2150E333-8FDC-42A3-9474-1A3956D46DE8}") = "CPP", "CPP", "{2685AA73-1A72-4DA2-B8FF-F8184604AC4F}"
EndProject
Project("{8BC9CEB8-8B4A-11D0-8D11-00A0C91BC942}") = "WinUI3Islands.Cpp", "CPP\WinUI3Islands.Cpp\WinUI3Islands.Cpp.vcxproj", "{7481AA98-51F1-4EE9-8461-2D0FB441A3E8}"
EndProject
Project("{2150E333-8FDC-42A3-9474-1A3956D46DE8}") = "Custom Components", "Custom Components", "{892F3AFA-6B8C-4D90-AD1E-B622EAF2D2C4}"
EndProject
Project("{9A19103F-16F7-4668-BE54-9A1E7A4F7556}") = "CSCustomComponents", "Custom Components\CSCustomComponents\CSCustomComponents.csproj", "{7D614BB8-59CB-4D13-8CC3-0249776D0040}"
EndProject
Project("{C7167F0D-BC9F-4E6E-AFE1-012C56B48DB5}") = "WinUI3Islands.CPP.Package", "CPP\WinUI3Islands.CPP.Package\WinUI3Islands.CPP.Package.wapproj", "{69F63714-F198-4819-BD9B-D07CC056ECC3}"
EndProject
Project("{9A19103F-16F7-4668-BE54-9A1E7A4F7556}") = "Toolkit.XamlHost", "Libraries\Toolkit.XamlHost\Toolkit.XamlHost.csproj", "{87D9F948-41A2-414A-8F77-C6826753693C}"
EndProject
Project("{9A19103F-16F7-4668-BE54-9A1E7A4F7556}") = "Toolkit.WPF", "WPF\Toolkit.WPF\Toolkit.WPF.csproj", "{DE99509B-CBAB-401B-9DA1-BD340B952C27}"
EndProject
Global
	GlobalSection(SolutionConfigurationPlatforms) = preSolution
		Debug|Any CPU = Debug|Any CPU
		Debug|ARM = Debug|ARM
		Debug|ARM64 = Debug|ARM64
		Debug|x64 = Debug|x64
		Debug|x86 = Debug|x86
		Release|Any CPU = Release|Any CPU
		Release|ARM = Release|ARM
		Release|ARM64 = Release|ARM64
		Release|x64 = Release|x64
		Release|x86 = Release|x86
	EndGlobalSection
	GlobalSection(ProjectConfigurationPlatforms) = postSolution
		{015A0047-772D-4F1A-88C9-45C18F0ADFB6}.Debug|Any CPU.ActiveCfg = Debug|x64
		{015A0047-772D-4F1A-88C9-45C18F0ADFB6}.Debug|Any CPU.Build.0 = Debug|x64
		{015A0047-772D-4F1A-88C9-45C18F0ADFB6}.Debug|ARM.ActiveCfg = Debug|ARM
		{015A0047-772D-4F1A-88C9-45C18F0ADFB6}.Debug|ARM.Build.0 = Debug|ARM
		{015A0047-772D-4F1A-88C9-45C18F0ADFB6}.Debug|ARM64.ActiveCfg = Debug|ARM64
		{015A0047-772D-4F1A-88C9-45C18F0ADFB6}.Debug|ARM64.Build.0 = Debug|ARM64
		{015A0047-772D-4F1A-88C9-45C18F0ADFB6}.Debug|x64.ActiveCfg = Debug|x64
		{015A0047-772D-4F1A-88C9-45C18F0ADFB6}.Debug|x64.Build.0 = Debug|x64
		{015A0047-772D-4F1A-88C9-45C18F0ADFB6}.Debug|x86.ActiveCfg = Debug|Win32
		{015A0047-772D-4F1A-88C9-45C18F0ADFB6}.Debug|x86.Build.0 = Debug|Win32
		{015A0047-772D-4F1A-88C9-45C18F0ADFB6}.Release|Any CPU.ActiveCfg = Release|x64
		{015A0047-772D-4F1A-88C9-45C18F0ADFB6}.Release|Any CPU.Build.0 = Release|x64
		{015A0047-772D-4F1A-88C9-45C18F0ADFB6}.Release|ARM.ActiveCfg = Release|ARM
		{015A0047-772D-4F1A-88C9-45C18F0ADFB6}.Release|ARM.Build.0 = Release|ARM
		{015A0047-772D-4F1A-88C9-45C18F0ADFB6}.Release|ARM64.ActiveCfg = Release|ARM64
		{015A0047-772D-4F1A-88C9-45C18F0ADFB6}.Release|ARM64.Build.0 = Release|ARM64
		{015A0047-772D-4F1A-88C9-45C18F0ADFB6}.Release|x64.ActiveCfg = Release|x64
		{015A0047-772D-4F1A-88C9-45C18F0ADFB6}.Release|x64.Build.0 = Release|x64
		{015A0047-772D-4F1A-88C9-45C18F0ADFB6}.Release|x86.ActiveCfg = Release|Win32
		{015A0047-772D-4F1A-88C9-45C18F0ADFB6}.Release|x86.Build.0 = Release|Win32
		{A79D0D1F-CA42-44C1-A7A9-DC72A034A093}.Debug|Any CPU.ActiveCfg = Debug|x64
		{A79D0D1F-CA42-44C1-A7A9-DC72A034A093}.Debug|Any CPU.Build.0 = Debug|x64
		{A79D0D1F-CA42-44C1-A7A9-DC72A034A093}.Debug|ARM.ActiveCfg = Debug|x64
		{A79D0D1F-CA42-44C1-A7A9-DC72A034A093}.Debug|ARM.Build.0 = Debug|x64
		{A79D0D1F-CA42-44C1-A7A9-DC72A034A093}.Debug|ARM64.ActiveCfg = Debug|x64
		{A79D0D1F-CA42-44C1-A7A9-DC72A034A093}.Debug|ARM64.Build.0 = Debug|x64
		{A79D0D1F-CA42-44C1-A7A9-DC72A034A093}.Debug|x64.ActiveCfg = Debug|x64
		{A79D0D1F-CA42-44C1-A7A9-DC72A034A093}.Debug|x64.Build.0 = Debug|x64
		{A79D0D1F-CA42-44C1-A7A9-DC72A034A093}.Debug|x86.ActiveCfg = Debug|x64
		{A79D0D1F-CA42-44C1-A7A9-DC72A034A093}.Debug|x86.Build.0 = Debug|x64
		{A79D0D1F-CA42-44C1-A7A9-DC72A034A093}.Release|Any CPU.ActiveCfg = Release|x64
		{A79D0D1F-CA42-44C1-A7A9-DC72A034A093}.Release|Any CPU.Build.0 = Release|x64
		{A79D0D1F-CA42-44C1-A7A9-DC72A034A093}.Release|ARM.ActiveCfg = Release|x64
		{A79D0D1F-CA42-44C1-A7A9-DC72A034A093}.Release|ARM.Build.0 = Release|x64
		{A79D0D1F-CA42-44C1-A7A9-DC72A034A093}.Release|ARM64.ActiveCfg = Release|x64
		{A79D0D1F-CA42-44C1-A7A9-DC72A034A093}.Release|ARM64.Build.0 = Release|x64
		{A79D0D1F-CA42-44C1-A7A9-DC72A034A093}.Release|x64.ActiveCfg = Release|x64
		{A79D0D1F-CA42-44C1-A7A9-DC72A034A093}.Release|x64.Build.0 = Release|x64
		{A79D0D1F-CA42-44C1-A7A9-DC72A034A093}.Release|x86.ActiveCfg = Release|x64
		{A79D0D1F-CA42-44C1-A7A9-DC72A034A093}.Release|x86.Build.0 = Release|x64
		{CC7817A1-F4FD-4521-92FD-67BAEC069B97}.Debug|Any CPU.ActiveCfg = Debug|x64
		{CC7817A1-F4FD-4521-92FD-67BAEC069B97}.Debug|Any CPU.Build.0 = Debug|x64
		{CC7817A1-F4FD-4521-92FD-67BAEC069B97}.Debug|ARM.ActiveCfg = Debug|x64
		{CC7817A1-F4FD-4521-92FD-67BAEC069B97}.Debug|ARM.Build.0 = Debug|x64
		{CC7817A1-F4FD-4521-92FD-67BAEC069B97}.Debug|ARM64.ActiveCfg = Debug|x64
		{CC7817A1-F4FD-4521-92FD-67BAEC069B97}.Debug|ARM64.Build.0 = Debug|x64
		{CC7817A1-F4FD-4521-92FD-67BAEC069B97}.Debug|x64.ActiveCfg = Debug|x64
		{CC7817A1-F4FD-4521-92FD-67BAEC069B97}.Debug|x64.Build.0 = Debug|x64
		{CC7817A1-F4FD-4521-92FD-67BAEC069B97}.Debug|x86.ActiveCfg = Debug|x64
		{CC7817A1-F4FD-4521-92FD-67BAEC069B97}.Debug|x86.Build.0 = Debug|x64
		{CC7817A1-F4FD-4521-92FD-67BAEC069B97}.Release|Any CPU.ActiveCfg = Release|x64
		{CC7817A1-F4FD-4521-92FD-67BAEC069B97}.Release|Any CPU.Build.0 = Release|x64
		{CC7817A1-F4FD-4521-92FD-67BAEC069B97}.Release|ARM.ActiveCfg = Release|x64
		{CC7817A1-F4FD-4521-92FD-67BAEC069B97}.Release|ARM.Build.0 = Release|x64
		{CC7817A1-F4FD-4521-92FD-67BAEC069B97}.Release|ARM64.ActiveCfg = Release|x64
		{CC7817A1-F4FD-4521-92FD-67BAEC069B97}.Release|ARM64.Build.0 = Release|x64
		{CC7817A1-F4FD-4521-92FD-67BAEC069B97}.Release|x64.ActiveCfg = Release|x64
		{CC7817A1-F4FD-4521-92FD-67BAEC069B97}.Release|x64.Build.0 = Release|x64
		{CC7817A1-F4FD-4521-92FD-67BAEC069B97}.Release|x86.ActiveCfg = Release|x64
		{CC7817A1-F4FD-4521-92FD-67BAEC069B97}.Release|x86.Build.0 = Release|x64
		{20962F5F-3E26-459D-965B-4A1110F62353}.Debug|Any CPU.ActiveCfg = Debug|Any CPU
		{20962F5F-3E26-459D-965B-4A1110F62353}.Debug|Any CPU.Build.0 = Debug|Any CPU
		{20962F5F-3E26-459D-965B-4A1110F62353}.Debug|Any CPU.Deploy.0 = Debug|Any CPU
		{20962F5F-3E26-459D-965B-4A1110F62353}.Debug|ARM.ActiveCfg = Debug|ARM
		{20962F5F-3E26-459D-965B-4A1110F62353}.Debug|ARM.Build.0 = Debug|ARM
		{20962F5F-3E26-459D-965B-4A1110F62353}.Debug|ARM.Deploy.0 = Debug|ARM
		{20962F5F-3E26-459D-965B-4A1110F62353}.Debug|ARM64.ActiveCfg = Debug|ARM64
		{20962F5F-3E26-459D-965B-4A1110F62353}.Debug|ARM64.Build.0 = Debug|ARM64
		{20962F5F-3E26-459D-965B-4A1110F62353}.Debug|ARM64.Deploy.0 = Debug|ARM64
		{20962F5F-3E26-459D-965B-4A1110F62353}.Debug|x64.ActiveCfg = Debug|x64
		{20962F5F-3E26-459D-965B-4A1110F62353}.Debug|x64.Build.0 = Debug|x64
		{20962F5F-3E26-459D-965B-4A1110F62353}.Debug|x64.Deploy.0 = Debug|x64
		{20962F5F-3E26-459D-965B-4A1110F62353}.Debug|x86.ActiveCfg = Debug|x86
		{20962F5F-3E26-459D-965B-4A1110F62353}.Debug|x86.Build.0 = Debug|x86
		{20962F5F-3E26-459D-965B-4A1110F62353}.Debug|x86.Deploy.0 = Debug|x86
		{20962F5F-3E26-459D-965B-4A1110F62353}.Release|Any CPU.ActiveCfg = Release|Any CPU
		{20962F5F-3E26-459D-965B-4A1110F62353}.Release|Any CPU.Build.0 = Release|Any CPU
		{20962F5F-3E26-459D-965B-4A1110F62353}.Release|Any CPU.Deploy.0 = Release|Any CPU
		{20962F5F-3E26-459D-965B-4A1110F62353}.Release|ARM.ActiveCfg = Release|ARM
		{20962F5F-3E26-459D-965B-4A1110F62353}.Release|ARM.Build.0 = Release|ARM
		{20962F5F-3E26-459D-965B-4A1110F62353}.Release|ARM.Deploy.0 = Release|ARM
		{20962F5F-3E26-459D-965B-4A1110F62353}.Release|ARM64.ActiveCfg = Release|ARM64
		{20962F5F-3E26-459D-965B-4A1110F62353}.Release|ARM64.Build.0 = Release|ARM64
		{20962F5F-3E26-459D-965B-4A1110F62353}.Release|ARM64.Deploy.0 = Release|ARM64
		{20962F5F-3E26-459D-965B-4A1110F62353}.Release|x64.ActiveCfg = Release|x64
		{20962F5F-3E26-459D-965B-4A1110F62353}.Release|x64.Build.0 = Release|x64
		{20962F5F-3E26-459D-965B-4A1110F62353}.Release|x64.Deploy.0 = Release|x64
		{20962F5F-3E26-459D-965B-4A1110F62353}.Release|x86.ActiveCfg = Release|x86
		{20962F5F-3E26-459D-965B-4A1110F62353}.Release|x86.Build.0 = Release|x86
		{20962F5F-3E26-459D-965B-4A1110F62353}.Release|x86.Deploy.0 = Release|x86
		{7481AA98-51F1-4EE9-8461-2D0FB441A3E8}.Debug|Any CPU.ActiveCfg = Debug|x64
		{7481AA98-51F1-4EE9-8461-2D0FB441A3E8}.Debug|Any CPU.Build.0 = Debug|x64
		{7481AA98-51F1-4EE9-8461-2D0FB441A3E8}.Debug|ARM.ActiveCfg = Debug|x64
		{7481AA98-51F1-4EE9-8461-2D0FB441A3E8}.Debug|ARM.Build.0 = Debug|x64
		{7481AA98-51F1-4EE9-8461-2D0FB441A3E8}.Debug|ARM64.ActiveCfg = Debug|x64
		{7481AA98-51F1-4EE9-8461-2D0FB441A3E8}.Debug|ARM64.Build.0 = Debug|x64
		{7481AA98-51F1-4EE9-8461-2D0FB441A3E8}.Debug|x64.ActiveCfg = Debug|x64
		{7481AA98-51F1-4EE9-8461-2D0FB441A3E8}.Debug|x64.Build.0 = Debug|x64
		{7481AA98-51F1-4EE9-8461-2D0FB441A3E8}.Debug|x86.ActiveCfg = Debug|Win32
		{7481AA98-51F1-4EE9-8461-2D0FB441A3E8}.Debug|x86.Build.0 = Debug|Win32
		{7481AA98-51F1-4EE9-8461-2D0FB441A3E8}.Release|Any CPU.ActiveCfg = Release|x64
		{7481AA98-51F1-4EE9-8461-2D0FB441A3E8}.Release|Any CPU.Build.0 = Release|x64
		{7481AA98-51F1-4EE9-8461-2D0FB441A3E8}.Release|ARM.ActiveCfg = Release|x64
		{7481AA98-51F1-4EE9-8461-2D0FB441A3E8}.Release|ARM.Build.0 = Release|x64
		{7481AA98-51F1-4EE9-8461-2D0FB441A3E8}.Release|ARM64.ActiveCfg = Release|x64
		{7481AA98-51F1-4EE9-8461-2D0FB441A3E8}.Release|ARM64.Build.0 = Release|x64
		{7481AA98-51F1-4EE9-8461-2D0FB441A3E8}.Release|x64.ActiveCfg = Release|x64
		{7481AA98-51F1-4EE9-8461-2D0FB441A3E8}.Release|x64.Build.0 = Release|x64
		{7481AA98-51F1-4EE9-8461-2D0FB441A3E8}.Release|x86.ActiveCfg = Release|Win32
		{7481AA98-51F1-4EE9-8461-2D0FB441A3E8}.Release|x86.Build.0 = Release|Win32
		{7D614BB8-59CB-4D13-8CC3-0249776D0040}.Debug|Any CPU.ActiveCfg = Debug|x64
		{7D614BB8-59CB-4D13-8CC3-0249776D0040}.Debug|Any CPU.Build.0 = Debug|x64
		{7D614BB8-59CB-4D13-8CC3-0249776D0040}.Debug|ARM.ActiveCfg = Debug|x64
		{7D614BB8-59CB-4D13-8CC3-0249776D0040}.Debug|ARM.Build.0 = Debug|x64
		{7D614BB8-59CB-4D13-8CC3-0249776D0040}.Debug|ARM64.ActiveCfg = Debug|x64
		{7D614BB8-59CB-4D13-8CC3-0249776D0040}.Debug|ARM64.Build.0 = Debug|x64
		{7D614BB8-59CB-4D13-8CC3-0249776D0040}.Debug|x64.ActiveCfg = Debug|x64
		{7D614BB8-59CB-4D13-8CC3-0249776D0040}.Debug|x64.Build.0 = Debug|x64
		{7D614BB8-59CB-4D13-8CC3-0249776D0040}.Debug|x86.ActiveCfg = Debug|x64
		{7D614BB8-59CB-4D13-8CC3-0249776D0040}.Debug|x86.Build.0 = Debug|x64
		{7D614BB8-59CB-4D13-8CC3-0249776D0040}.Release|Any CPU.ActiveCfg = Release|Any CPU
		{7D614BB8-59CB-4D13-8CC3-0249776D0040}.Release|Any CPU.Build.0 = Release|Any CPU
		{7D614BB8-59CB-4D13-8CC3-0249776D0040}.Release|ARM.ActiveCfg = Release|Any CPU
		{7D614BB8-59CB-4D13-8CC3-0249776D0040}.Release|ARM.Build.0 = Release|Any CPU
		{7D614BB8-59CB-4D13-8CC3-0249776D0040}.Release|ARM64.ActiveCfg = Release|Any CPU
		{7D614BB8-59CB-4D13-8CC3-0249776D0040}.Release|ARM64.Build.0 = Release|Any CPU
		{7D614BB8-59CB-4D13-8CC3-0249776D0040}.Release|x64.ActiveCfg = Release|Any CPU
		{7D614BB8-59CB-4D13-8CC3-0249776D0040}.Release|x64.Build.0 = Release|Any CPU
		{7D614BB8-59CB-4D13-8CC3-0249776D0040}.Release|x86.ActiveCfg = Release|Any CPU
		{7D614BB8-59CB-4D13-8CC3-0249776D0040}.Release|x86.Build.0 = Release|Any CPU
		{69F63714-F198-4819-BD9B-D07CC056ECC3}.Debug|Any CPU.ActiveCfg = Debug|Any CPU
		{69F63714-F198-4819-BD9B-D07CC056ECC3}.Debug|Any CPU.Build.0 = Debug|Any CPU
		{69F63714-F198-4819-BD9B-D07CC056ECC3}.Debug|Any CPU.Deploy.0 = Debug|Any CPU
		{69F63714-F198-4819-BD9B-D07CC056ECC3}.Debug|ARM.ActiveCfg = Debug|ARM
		{69F63714-F198-4819-BD9B-D07CC056ECC3}.Debug|ARM.Build.0 = Debug|ARM
		{69F63714-F198-4819-BD9B-D07CC056ECC3}.Debug|ARM.Deploy.0 = Debug|ARM
		{69F63714-F198-4819-BD9B-D07CC056ECC3}.Debug|ARM64.ActiveCfg = Debug|ARM64
		{69F63714-F198-4819-BD9B-D07CC056ECC3}.Debug|ARM64.Build.0 = Debug|ARM64
		{69F63714-F198-4819-BD9B-D07CC056ECC3}.Debug|ARM64.Deploy.0 = Debug|ARM64
		{69F63714-F198-4819-BD9B-D07CC056ECC3}.Debug|x64.ActiveCfg = Debug|x64
		{69F63714-F198-4819-BD9B-D07CC056ECC3}.Debug|x64.Build.0 = Debug|x64
		{69F63714-F198-4819-BD9B-D07CC056ECC3}.Debug|x64.Deploy.0 = Debug|x64
		{69F63714-F198-4819-BD9B-D07CC056ECC3}.Debug|x86.ActiveCfg = Debug|x86
		{69F63714-F198-4819-BD9B-D07CC056ECC3}.Debug|x86.Build.0 = Debug|x86
		{69F63714-F198-4819-BD9B-D07CC056ECC3}.Debug|x86.Deploy.0 = Debug|x86
		{69F63714-F198-4819-BD9B-D07CC056ECC3}.Release|Any CPU.ActiveCfg = Release|Any CPU
		{69F63714-F198-4819-BD9B-D07CC056ECC3}.Release|Any CPU.Build.0 = Release|Any CPU
		{69F63714-F198-4819-BD9B-D07CC056ECC3}.Release|Any CPU.Deploy.0 = Release|Any CPU
		{69F63714-F198-4819-BD9B-D07CC056ECC3}.Release|ARM.ActiveCfg = Release|ARM
		{69F63714-F198-4819-BD9B-D07CC056ECC3}.Release|ARM.Build.0 = Release|ARM
		{69F63714-F198-4819-BD9B-D07CC056ECC3}.Release|ARM.Deploy.0 = Release|ARM
		{69F63714-F198-4819-BD9B-D07CC056ECC3}.Release|ARM64.ActiveCfg = Release|ARM64
		{69F63714-F198-4819-BD9B-D07CC056ECC3}.Release|ARM64.Build.0 = Release|ARM64
		{69F63714-F198-4819-BD9B-D07CC056ECC3}.Release|ARM64.Deploy.0 = Release|ARM64
		{69F63714-F198-4819-BD9B-D07CC056ECC3}.Release|x64.ActiveCfg = Release|x64
		{69F63714-F198-4819-BD9B-D07CC056ECC3}.Release|x64.Build.0 = Release|x64
		{69F63714-F198-4819-BD9B-D07CC056ECC3}.Release|x64.Deploy.0 = Release|x64
		{69F63714-F198-4819-BD9B-D07CC056ECC3}.Release|x86.ActiveCfg = Release|x86
		{69F63714-F198-4819-BD9B-D07CC056ECC3}.Release|x86.Build.0 = Release|x86
		{69F63714-F198-4819-BD9B-D07CC056ECC3}.Release|x86.Deploy.0 = Release|x86
		{87D9F948-41A2-414A-8F77-C6826753693C}.Debug|Any CPU.ActiveCfg = Debug|Any CPU
		{87D9F948-41A2-414A-8F77-C6826753693C}.Debug|Any CPU.Build.0 = Debug|Any CPU
		{87D9F948-41A2-414A-8F77-C6826753693C}.Debug|ARM.ActiveCfg = Debug|Any CPU
		{87D9F948-41A2-414A-8F77-C6826753693C}.Debug|ARM.Build.0 = Debug|Any CPU
		{87D9F948-41A2-414A-8F77-C6826753693C}.Debug|ARM64.ActiveCfg = Debug|Any CPU
		{87D9F948-41A2-414A-8F77-C6826753693C}.Debug|ARM64.Build.0 = Debug|Any CPU
		{87D9F948-41A2-414A-8F77-C6826753693C}.Debug|x64.ActiveCfg = Debug|x64
		{87D9F948-41A2-414A-8F77-C6826753693C}.Debug|x64.Build.0 = Debug|x64
		{87D9F948-41A2-414A-8F77-C6826753693C}.Debug|x86.ActiveCfg = Debug|x86
		{87D9F948-41A2-414A-8F77-C6826753693C}.Debug|x86.Build.0 = Debug|x86
		{87D9F948-41A2-414A-8F77-C6826753693C}.Release|Any CPU.ActiveCfg = Release|Any CPU
		{87D9F948-41A2-414A-8F77-C6826753693C}.Release|Any CPU.Build.0 = Release|Any CPU
		{87D9F948-41A2-414A-8F77-C6826753693C}.Release|ARM.ActiveCfg = Release|Any CPU
		{87D9F948-41A2-414A-8F77-C6826753693C}.Release|ARM.Build.0 = Release|Any CPU
		{87D9F948-41A2-414A-8F77-C6826753693C}.Release|ARM64.ActiveCfg = Release|Any CPU
		{87D9F948-41A2-414A-8F77-C6826753693C}.Release|ARM64.Build.0 = Release|Any CPU
		{87D9F948-41A2-414A-8F77-C6826753693C}.Release|x64.ActiveCfg = Release|x64
		{87D9F948-41A2-414A-8F77-C6826753693C}.Release|x64.Build.0 = Release|x64
		{87D9F948-41A2-414A-8F77-C6826753693C}.Release|x86.ActiveCfg = Release|x86
		{87D9F948-41A2-414A-8F77-C6826753693C}.Release|x86.Build.0 = Release|x86
		{DE99509B-CBAB-401B-9DA1-BD340B952C27}.Debug|Any CPU.ActiveCfg = Debug|Any CPU
		{DE99509B-CBAB-401B-9DA1-BD340B952C27}.Debug|Any CPU.Build.0 = Debug|Any CPU
		{DE99509B-CBAB-401B-9DA1-BD340B952C27}.Debug|ARM.ActiveCfg = Debug|Any CPU
		{DE99509B-CBAB-401B-9DA1-BD340B952C27}.Debug|ARM.Build.0 = Debug|Any CPU
		{DE99509B-CBAB-401B-9DA1-BD340B952C27}.Debug|ARM64.ActiveCfg = Debug|Any CPU
		{DE99509B-CBAB-401B-9DA1-BD340B952C27}.Debug|ARM64.Build.0 = Debug|Any CPU
		{DE99509B-CBAB-401B-9DA1-BD340B952C27}.Debug|x64.ActiveCfg = Debug|x64
		{DE99509B-CBAB-401B-9DA1-BD340B952C27}.Debug|x64.Build.0 = Debug|x64
		{DE99509B-CBAB-401B-9DA1-BD340B952C27}.Debug|x86.ActiveCfg = Debug|x86
		{DE99509B-CBAB-401B-9DA1-BD340B952C27}.Debug|x86.Build.0 = Debug|x86
		{DE99509B-CBAB-401B-9DA1-BD340B952C27}.Release|Any CPU.ActiveCfg = Release|Any CPU
		{DE99509B-CBAB-401B-9DA1-BD340B952C27}.Release|Any CPU.Build.0 = Release|Any CPU
		{DE99509B-CBAB-401B-9DA1-BD340B952C27}.Release|ARM.ActiveCfg = Release|Any CPU
		{DE99509B-CBAB-401B-9DA1-BD340B952C27}.Release|ARM.Build.0 = Release|Any CPU
		{DE99509B-CBAB-401B-9DA1-BD340B952C27}.Release|ARM64.ActiveCfg = Release|Any CPU
		{DE99509B-CBAB-401B-9DA1-BD340B952C27}.Release|ARM64.Build.0 = Release|Any CPU
		{DE99509B-CBAB-401B-9DA1-BD340B952C27}.Release|x64.ActiveCfg = Release|x64
		{DE99509B-CBAB-401B-9DA1-BD340B952C27}.Release|x64.Build.0 = Release|x64
		{DE99509B-CBAB-401B-9DA1-BD340B952C27}.Release|x86.ActiveCfg = Release|x86
		{DE99509B-CBAB-401B-9DA1-BD340B952C27}.Release|x86.Build.0 = Release|x86
	EndGlobalSection
	GlobalSection(SolutionProperties) = preSolution
		HideSolutionNode = FALSE
	EndGlobalSection
	GlobalSection(NestedProjects) = preSolution
		{015A0047-772D-4F1A-88C9-45C18F0ADFB6} = {D027584C-80F8-4DDF-824E-DE9E25E806CA}
		{A79D0D1F-CA42-44C1-A7A9-DC72A034A093} = {D027584C-80F8-4DDF-824E-DE9E25E806CA}
		{CC7817A1-F4FD-4521-92FD-67BAEC069B97} = {FDD21937-A572-46AC-AAF6-1B96F30BBD1E}
		{20962F5F-3E26-459D-965B-4A1110F62353} = {FDD21937-A572-46AC-AAF6-1B96F30BBD1E}
		{7481AA98-51F1-4EE9-8461-2D0FB441A3E8} = {2685AA73-1A72-4DA2-B8FF-F8184604AC4F}
		{7D614BB8-59CB-4D13-8CC3-0249776D0040} = {892F3AFA-6B8C-4D90-AD1E-B622EAF2D2C4}
		{69F63714-F198-4819-BD9B-D07CC056ECC3} = {2685AA73-1A72-4DA2-B8FF-F8184604AC4F}
		{87D9F948-41A2-414A-8F77-C6826753693C} = {D027584C-80F8-4DDF-824E-DE9E25E806CA}
		{DE99509B-CBAB-401B-9DA1-BD340B952C27} = {FDD21937-A572-46AC-AAF6-1B96F30BBD1E}
	EndGlobalSection
	GlobalSection(ExtensibilityGlobals) = postSolution
		SolutionGuid = {7177336B-E35B-46D5-805C-A09B5281234F}
	EndGlobalSection
EndGlobal
