
Microsoft Visual Studio Solution File, Format Version 12.00
# Visual Studio Version 17
VisualStudioVersion = 17.3.32721.290
MinimumVisualStudioVersion = 10.0.40219.1
Project("{2150E333-8FDC-42A3-9474-1A3956D46DE8}") = "Libraries", "Libraries", "{D027584C-80F8-4DDF-824E-DE9E25E806CA}"
EndProject
Project("{8BC9CEB8-8B4A-11D0-8D11-00A0C91BC942}") = "Toolkit", "Libraries\Toolkit\Toolkit.vcxproj", "{015A0047-772D-4F1A-88C9-45C18F0ADFB6}"
EndProject
Project("{9A19103F-16F7-4668-BE54-9A1E7A4F7556}") = "Toolkit.Managed", "Libraries\Toolkit.Managed\Toolkit.Managed.csproj", "{A79D0D1F-CA42-44C1-A7A9-DC72A034A093}"
EndProject
Project("{2150E333-8FDC-42A3-9474-1A3956D46DE8}") = "WPF", "WPF", "{FDD21937-A572-46AC-AAF6-1B96F30BBD1E}"
EndProject
Project("{9A19103F-16F7-4668-BE54-9A1E7A4F7556}") = "Toolkit.WPF", "WPF\Toolkit.WPF\Toolkit.WPF.csproj", "{A1396C9E-BFF1-41B4-A3ED-2C5EDFCC8B6F}"
EndProject
Project("{9A19103F-16F7-4668-BE54-9A1E7A4F7556}") = "WinUI3Islands.WPF", "WPF\WinUI3Islands.WPF\WinUI3Islands.WPF.csproj", "{CC7817A1-F4FD-4521-92FD-67BAEC069B97}"
EndProject
Project("{C7167F0D-BC9F-4E6E-AFE1-012C56B48DB5}") = "WinUI3Islands.WPF.Package", "WPF\WinUI3Islands.WPF.Package\WinUI3Islands.WPF.Package.wapproj", "{20962F5F-3E26-459D-965B-4A1110F62353}"
EndProject
Project("{2150E333-8FDC-42A3-9474-1A3956D46DE8}") = "CPP", "CPP", "{2685AA73-1A72-4DA2-B8FF-F8184604AC4F}"
EndProject
Project("{8BC9CEB8-8B4A-11D0-8D11-00A0C91BC942}") = "WinUI3Islands.Cpp", "CPP\WinUI3Islands.Cpp\WinUI3Islands.Cpp.vcxproj", "{7481AA98-51F1-4EE9-8461-2D0FB441A3E8}"
EndProject
Project("{C7167F0D-BC9F-4E6E-AFE1-012C56B48DB5}") = "WInUI3Islands.CPP.Package", "CPP\WInUI3Islands.CPP.Package\WInUI3Islands.CPP.Package.wapproj", "{69F63714-F198-4819-BD9B-D07CC056ECC3}"
EndProject
Global
	GlobalSection(SolutionConfigurationPlatforms) = preSolution
		Debug|x64 = Debug|x64
		Release|x64 = Release|x64
	EndGlobalSection
	GlobalSection(ProjectConfigurationPlatforms) = postSolution
		{015A0047-772D-4F1A-88C9-45C18F0ADFB6}.Debug|x64.ActiveCfg = Debug|x64
		{015A0047-772D-4F1A-88C9-45C18F0ADFB6}.Debug|x64.Build.0 = Debug|x64
		{015A0047-772D-4F1A-88C9-45C18F0ADFB6}.Release|x64.ActiveCfg = Release|x64
		{015A0047-772D-4F1A-88C9-45C18F0ADFB6}.Release|x64.Build.0 = Release|x64
		{A79D0D1F-CA42-44C1-A7A9-DC72A034A093}.Debug|x64.ActiveCfg = Debug|x64
		{A79D0D1F-CA42-44C1-A7A9-DC72A034A093}.Debug|x64.Build.0 = Debug|x64
		{A79D0D1F-CA42-44C1-A7A9-DC72A034A093}.Release|x64.ActiveCfg = Release|x64
		{A79D0D1F-CA42-44C1-A7A9-DC72A034A093}.Release|x64.Build.0 = Release|x64
		{A1396C9E-BFF1-41B4-A3ED-2C5EDFCC8B6F}.Debug|x64.ActiveCfg = Debug|x64
		{A1396C9E-BFF1-41B4-A3ED-2C5EDFCC8B6F}.Debug|x64.Build.0 = Debug|x64
		{A1396C9E-BFF1-41B4-A3ED-2C5EDFCC8B6F}.Release|x64.ActiveCfg = Release|Any CPU
		{A1396C9E-BFF1-41B4-A3ED-2C5EDFCC8B6F}.Release|x64.Build.0 = Release|Any CPU
		{CC7817A1-F4FD-4521-92FD-67BAEC069B97}.Debug|x64.ActiveCfg = Debug|x64
		{CC7817A1-F4FD-4521-92FD-67BAEC069B97}.Debug|x64.Build.0 = Debug|x64
		{CC7817A1-F4FD-4521-92FD-67BAEC069B97}.Release|x64.ActiveCfg = Release|x64
		{CC7817A1-F4FD-4521-92FD-67BAEC069B97}.Release|x64.Build.0 = Release|x64
		{20962F5F-3E26-459D-965B-4A1110F62353}.Debug|x64.ActiveCfg = Debug|x64
		{20962F5F-3E26-459D-965B-4A1110F62353}.Debug|x64.Build.0 = Debug|x64
		{20962F5F-3E26-459D-965B-4A1110F62353}.Debug|x64.Deploy.0 = Debug|x64
		{20962F5F-3E26-459D-965B-4A1110F62353}.Release|x64.ActiveCfg = Release|x64
		{20962F5F-3E26-459D-965B-4A1110F62353}.Release|x64.Build.0 = Release|x64
		{20962F5F-3E26-459D-965B-4A1110F62353}.Release|x64.Deploy.0 = Release|x64
		{7481AA98-51F1-4EE9-8461-2D0FB441A3E8}.Debug|x64.ActiveCfg = Debug|x64
		{7481AA98-51F1-4EE9-8461-2D0FB441A3E8}.Debug|x64.Build.0 = Debug|x64
		{7481AA98-51F1-4EE9-8461-2D0FB441A3E8}.Release|x64.ActiveCfg = Release|x64
		{7481AA98-51F1-4EE9-8461-2D0FB441A3E8}.Release|x64.Build.0 = Release|x64
		{69F63714-F198-4819-BD9B-D07CC056ECC3}.Debug|x64.ActiveCfg = Debug|x64
		{69F63714-F198-4819-BD9B-D07CC056ECC3}.Debug|x64.Build.0 = Debug|x64
		{69F63714-F198-4819-BD9B-D07CC056ECC3}.Debug|x64.Deploy.0 = Debug|x64
		{69F63714-F198-4819-BD9B-D07CC056ECC3}.Release|x64.ActiveCfg = Release|x64
		{69F63714-F198-4819-BD9B-D07CC056ECC3}.Release|x64.Build.0 = Release|x64
		{69F63714-F198-4819-BD9B-D07CC056ECC3}.Release|x64.Deploy.0 = Release|x64
	EndGlobalSection
	GlobalSection(SolutionProperties) = preSolution
		HideSolutionNode = FALSE
	EndGlobalSection
	GlobalSection(NestedProjects) = preSolution
		{015A0047-772D-4F1A-88C9-45C18F0ADFB6} = {D027584C-80F8-4DDF-824E-DE9E25E806CA}
		{A79D0D1F-CA42-44C1-A7A9-DC72A034A093} = {D027584C-80F8-4DDF-824E-DE9E25E806CA}
		{A1396C9E-BFF1-41B4-A3ED-2C5EDFCC8B6F} = {FDD21937-A572-46AC-AAF6-1B96F30BBD1E}
		{CC7817A1-F4FD-4521-92FD-67BAEC069B97} = {FDD21937-A572-46AC-AAF6-1B96F30BBD1E}
		{20962F5F-3E26-459D-965B-4A1110F62353} = {FDD21937-A572-46AC-AAF6-1B96F30BBD1E}
		{7481AA98-51F1-4EE9-8461-2D0FB441A3E8} = {2685AA73-1A72-4DA2-B8FF-F8184604AC4F}
		{69F63714-F198-4819-BD9B-D07CC056ECC3} = {2685AA73-1A72-4DA2-B8FF-F8184604AC4F}
	EndGlobalSection
	GlobalSection(ExtensibilityGlobals) = postSolution
		SolutionGuid = {7177336B-E35B-46D5-805C-A09B5281234F}
	EndGlobalSection
EndGlobal
